
Microsoft Visual Studio Solution File, Format Version 11.00
# Visual Studio 2010
Project("{FAE04EC0-301F-11D3-BF4B-00C04F79EFBC}") = "Assembly-CSharp", "Assembly-CSharp.csproj", "{6DE43DEB-ED0E-C34C-46E9-365917C95ECF}"
EndProject
Global
	GlobalSection(SolutionConfigurationPlatforms) = preSolution
		Debug|Any CPU = Debug|Any CPU
		Release|Any CPU = Release|Any CPU
	EndGlobalSection
	GlobalSection(ProjectConfigurationPlatforms) = postSolution
		{6DE43DEB-ED0E-C34C-46E9-365917C95ECF}.Debug|Any CPU.ActiveCfg = Debug|Any CPU
		{6DE43DEB-ED0E-C34C-46E9-365917C95ECF}.Debug|Any CPU.Build.0 = Debug|Any CPU
		{6DE43DEB-ED0E-C34C-46E9-365917C95ECF}.Release|Any CPU.ActiveCfg = Release|Any CPU
		{6DE43DEB-ED0E-C34C-46E9-365917C95ECF}.Release|Any CPU.Build.0 = Release|Any CPU
	EndGlobalSection
	GlobalSection(SolutionProperties) = preSolution
		HideSolutionNode = FALSE
	EndGlobalSection
EndGlobal
